// !$*UTF8*$!
{
	archiveVersion = 1;
	classes = {
	};
	objectVersion = 55;
	objects = {

/* Begin PBXBuildFile section */
		0919D787630F59AE00ABA40F /* Pods_GBMap.framework in Frameworks */ = {isa = PBXBuildFile; fileRef = D0300D21E12852A44E1993B9 /* Pods_GBMap.framework */; };
		A243A62A286AC7C4008B5A74 /* LocationManager.swift in Sources */ = {isa = PBXBuildFile; fileRef = A243A629286AC7C4008B5A74 /* LocationManager.swift */; };
		A29E85E52854F975003FF0CB /* AppDelegate.swift in Sources */ = {isa = PBXBuildFile; fileRef = A29E85E42854F975003FF0CB /* AppDelegate.swift */; };
		A29E85E72854F975003FF0CB /* SceneDelegate.swift in Sources */ = {isa = PBXBuildFile; fileRef = A29E85E62854F975003FF0CB /* SceneDelegate.swift */; };
		A29E85E92854F975003FF0CB /* MapViewController.swift in Sources */ = {isa = PBXBuildFile; fileRef = A29E85E82854F975003FF0CB /* MapViewController.swift */; };
		A29E85EC2854F975003FF0CB /* Main.storyboard in Resources */ = {isa = PBXBuildFile; fileRef = A29E85EA2854F975003FF0CB /* Main.storyboard */; };
		A29E85EE2854F978003FF0CB /* Assets.xcassets in Resources */ = {isa = PBXBuildFile; fileRef = A29E85ED2854F978003FF0CB /* Assets.xcassets */; };
		A29E85F12854F978003FF0CB /* LaunchScreen.storyboard in Resources */ = {isa = PBXBuildFile; fileRef = A29E85EF2854F978003FF0CB /* LaunchScreen.storyboard */; };
		A2ACCC7E285E4438002A2EFE /* RealmService.swift in Sources */ = {isa = PBXBuildFile; fileRef = A2ACCC7D285E4438002A2EFE /* RealmService.swift */; };
		A2ACCC85285E44BD002A2EFE /* Location.swift in Sources */ = {isa = PBXBuildFile; fileRef = A2ACCC84285E44BD002A2EFE /* Location.swift */; };
		A2ACCC87285E46E2002A2EFE /* MapViewModel.swift in Sources */ = {isa = PBXBuildFile; fileRef = A2ACCC86285E46E2002A2EFE /* MapViewModel.swift */; };
		A2ACCC8A285E4BD1002A2EFE /* Router.swift in Sources */ = {isa = PBXBuildFile; fileRef = A2ACCC89285E4BD1002A2EFE /* Router.swift */; };
		A2ACCC8C285E4BF1002A2EFE /* User.swift in Sources */ = {isa = PBXBuildFile; fileRef = A2ACCC8B285E4BF1002A2EFE /* User.swift */; };
		A2ACCC90285E4C8A002A2EFE /* LoginViewController.swift in Sources */ = {isa = PBXBuildFile; fileRef = A2ACCC8F285E4C8A002A2EFE /* LoginViewController.swift */; };
/* End PBXBuildFile section */

/* Begin PBXFileReference section */
		0C3BF42C10987D54E0F84403 /* Pods-GBMap.debug.xcconfig */ = {isa = PBXFileReference; includeInIndex = 1; lastKnownFileType = text.xcconfig; name = "Pods-GBMap.debug.xcconfig"; path = "Target Support Files/Pods-GBMap/Pods-GBMap.debug.xcconfig"; sourceTree = "<group>"; };
		63767B065ECD1DA2B42D4628 /* Pods-GBMap.release.xcconfig */ = {isa = PBXFileReference; includeInIndex = 1; lastKnownFileType = text.xcconfig; name = "Pods-GBMap.release.xcconfig"; path = "Target Support Files/Pods-GBMap/Pods-GBMap.release.xcconfig"; sourceTree = "<group>"; };
		A243A629286AC7C4008B5A74 /* LocationManager.swift */ = {isa = PBXFileReference; lastKnownFileType = sourcecode.swift; path = LocationManager.swift; sourceTree = "<group>"; };
		A29E85E12854F975003FF0CB /* GBMap.app */ = {isa = PBXFileReference; explicitFileType = wrapper.application; includeInIndex = 0; path = GBMap.app; sourceTree = BUILT_PRODUCTS_DIR; };
		A29E85E42854F975003FF0CB /* AppDelegate.swift */ = {isa = PBXFileReference; lastKnownFileType = sourcecode.swift; path = AppDelegate.swift; sourceTree = "<group>"; };
		A29E85E62854F975003FF0CB /* SceneDelegate.swift */ = {isa = PBXFileReference; lastKnownFileType = sourcecode.swift; path = SceneDelegate.swift; sourceTree = "<group>"; };
		A29E85E82854F975003FF0CB /* MapViewController.swift */ = {isa = PBXFileReference; lastKnownFileType = sourcecode.swift; path = MapViewController.swift; sourceTree = "<group>"; };
		A29E85EB2854F975003FF0CB /* Base */ = {isa = PBXFileReference; lastKnownFileType = file.storyboard; name = Base; path = Base.lproj/Main.storyboard; sourceTree = "<group>"; };
		A29E85ED2854F978003FF0CB /* Assets.xcassets */ = {isa = PBXFileReference; lastKnownFileType = folder.assetcatalog; path = Assets.xcassets; sourceTree = "<group>"; };
		A29E85F02854F978003FF0CB /* Base */ = {isa = PBXFileReference; lastKnownFileType = file.storyboard; name = Base; path = Base.lproj/LaunchScreen.storyboard; sourceTree = "<group>"; };
		A29E85F22854F978003FF0CB /* Info.plist */ = {isa = PBXFileReference; lastKnownFileType = text.plist.xml; path = Info.plist; sourceTree = "<group>"; };
		A2ACCC7D285E4438002A2EFE /* RealmService.swift */ = {isa = PBXFileReference; fileEncoding = 4; lastKnownFileType = sourcecode.swift; path = RealmService.swift; sourceTree = "<group>"; };
		A2ACCC84285E44BD002A2EFE /* Location.swift */ = {isa = PBXFileReference; fileEncoding = 4; lastKnownFileType = sourcecode.swift; path = Location.swift; sourceTree = "<group>"; };
		A2ACCC86285E46E2002A2EFE /* MapViewModel.swift */ = {isa = PBXFileReference; lastKnownFileType = sourcecode.swift; path = MapViewModel.swift; sourceTree = "<group>"; };
		A2ACCC89285E4BD1002A2EFE /* Router.swift */ = {isa = PBXFileReference; fileEncoding = 4; lastKnownFileType = sourcecode.swift; path = Router.swift; sourceTree = "<group>"; };
		A2ACCC8B285E4BF1002A2EFE /* User.swift */ = {isa = PBXFileReference; fileEncoding = 4; lastKnownFileType = sourcecode.swift; path = User.swift; sourceTree = "<group>"; };
		A2ACCC8F285E4C8A002A2EFE /* LoginViewController.swift */ = {isa = PBXFileReference; lastKnownFileType = sourcecode.swift; path = LoginViewController.swift; sourceTree = "<group>"; };
		D0300D21E12852A44E1993B9 /* Pods_GBMap.framework */ = {isa = PBXFileReference; explicitFileType = wrapper.framework; includeInIndex = 0; path = Pods_GBMap.framework; sourceTree = BUILT_PRODUCTS_DIR; };
/* End PBXFileReference section */

/* Begin PBXFrameworksBuildPhase section */
		A29E85DE2854F975003FF0CB /* Frameworks */ = {
			isa = PBXFrameworksBuildPhase;
			buildActionMask = 2147483647;
			files = (
				0919D787630F59AE00ABA40F /* Pods_GBMap.framework in Frameworks */,
			);
			runOnlyForDeploymentPostprocessing = 0;
		};
/* End PBXFrameworksBuildPhase section */

/* Begin PBXGroup section */
		A243A628286AC7B6008B5A74 /* Services */ = {
			isa = PBXGroup;
			children = (
				A243A629286AC7C4008B5A74 /* LocationManager.swift */,
			);
			path = Services;
			sourceTree = "<group>";
		};
		A29E85D82854F975003FF0CB = {
			isa = PBXGroup;
			children = (
				A29E85E32854F975003FF0CB /* GBMap */,
				A29E85E22854F975003FF0CB /* Products */,
				B9461E78CD2CD01CB02D2170 /* Pods */,
				E9998C36D85D639AB48B3225 /* Frameworks */,
			);
			sourceTree = "<group>";
		};
		A29E85E22854F975003FF0CB /* Products */ = {
			isa = PBXGroup;
			children = (
				A29E85E12854F975003FF0CB /* GBMap.app */,
			);
			name = Products;
			sourceTree = "<group>";
		};
		A29E85E32854F975003FF0CB /* GBMap */ = {
			isa = PBXGroup;
			children = (
				A29E85E42854F975003FF0CB /* AppDelegate.swift */,
				A29E85E62854F975003FF0CB /* SceneDelegate.swift */,
				A2ACCC88285E4BC5002A2EFE /* Router */,
				A2ACCC8E285E4C7B002A2EFE /* LoginView */,
				A2ACCC8D285E4C11002A2EFE /* MapView */,
				A2ACCC7F285E447C002A2EFE /* Realm */,
				A243A628286AC7B6008B5A74 /* Services */,
				A29E85EA2854F975003FF0CB /* Main.storyboard */,
				A29E85ED2854F978003FF0CB /* Assets.xcassets */,
				A29E85EF2854F978003FF0CB /* LaunchScreen.storyboard */,
				A29E85F22854F978003FF0CB /* Info.plist */,
			);
			path = GBMap;
			sourceTree = "<group>";
		};
		A2ACCC7F285E447C002A2EFE /* Realm */ = {
			isa = PBXGroup;
			children = (
				A2ACCC7D285E4438002A2EFE /* RealmService.swift */,
				A2ACCC84285E44BD002A2EFE /* Location.swift */,
				A2ACCC8B285E4BF1002A2EFE /* User.swift */,
			);
			path = Realm;
			sourceTree = "<group>";
		};
		A2ACCC88285E4BC5002A2EFE /* Router */ = {
			isa = PBXGroup;
			children = (
				A2ACCC89285E4BD1002A2EFE /* Router.swift */,
			);
			path = Router;
			sourceTree = "<group>";
		};
		A2ACCC8D285E4C11002A2EFE /* MapView */ = {
			isa = PBXGroup;
			children = (
				A2ACCC86285E46E2002A2EFE /* MapViewModel.swift */,
				A29E85E82854F975003FF0CB /* MapViewController.swift */,
			);
			path = MapView;
			sourceTree = "<group>";
		};
		A2ACCC8E285E4C7B002A2EFE /* LoginView */ = {
			isa = PBXGroup;
			children = (
				A2ACCC8F285E4C8A002A2EFE /* LoginViewController.swift */,
			);
			path = LoginView;
			sourceTree = "<group>";
		};
		B9461E78CD2CD01CB02D2170 /* Pods */ = {
			isa = PBXGroup;
			children = (
				0C3BF42C10987D54E0F84403 /* Pods-GBMap.debug.xcconfig */,
				63767B065ECD1DA2B42D4628 /* Pods-GBMap.release.xcconfig */,
			);
			path = Pods;
			sourceTree = "<group>";
		};
		E9998C36D85D639AB48B3225 /* Frameworks */ = {
			isa = PBXGroup;
			children = (
				D0300D21E12852A44E1993B9 /* Pods_GBMap.framework */,
			);
			name = Frameworks;
			sourceTree = "<group>";
		};
/* End PBXGroup section */

/* Begin PBXNativeTarget section */
		A29E85E02854F975003FF0CB /* GBMap */ = {
			isa = PBXNativeTarget;
			buildConfigurationList = A29E85F52854F978003FF0CB /* Build configuration list for PBXNativeTarget "GBMap" */;
			buildPhases = (
				73B2A5642C335D6706437C71 /* [CP] Check Pods Manifest.lock */,
				A29E85DD2854F975003FF0CB /* Sources */,
				A29E85DE2854F975003FF0CB /* Frameworks */,
				A29E85DF2854F975003FF0CB /* Resources */,
				879E284BE3723EBE8B85C02D /* [CP] Copy Pods Resources */,
				BF1CF907445E240123F48A33 /* [CP] Embed Pods Frameworks */,
			);
			buildRules = (
			);
			dependencies = (
			);
			name = GBMap;
			productName = GBMap;
			productReference = A29E85E12854F975003FF0CB /* GBMap.app */;
			productType = "com.apple.product-type.application";
		};
/* End PBXNativeTarget section */

/* Begin PBXProject section */
		A29E85D92854F975003FF0CB /* Project object */ = {
			isa = PBXProject;
			attributes = {
				BuildIndependentTargetsInParallel = 1;
				LastSwiftUpdateCheck = 1340;
				LastUpgradeCheck = 1340;
				TargetAttributes = {
					A29E85E02854F975003FF0CB = {
						CreatedOnToolsVersion = 13.4.1;
					};
				};
			};
			buildConfigurationList = A29E85DC2854F975003FF0CB /* Build configuration list for PBXProject "GBMap" */;
			compatibilityVersion = "Xcode 13.0";
			developmentRegion = en;
			hasScannedForEncodings = 0;
			knownRegions = (
				en,
				Base,
			);
			mainGroup = A29E85D82854F975003FF0CB;
			productRefGroup = A29E85E22854F975003FF0CB /* Products */;
			projectDirPath = "";
			projectRoot = "";
			targets = (
				A29E85E02854F975003FF0CB /* GBMap */,
			);
		};
/* End PBXProject section */

/* Begin PBXResourcesBuildPhase section */
		A29E85DF2854F975003FF0CB /* Resources */ = {
			isa = PBXResourcesBuildPhase;
			buildActionMask = 2147483647;
			files = (
				A29E85F12854F978003FF0CB /* LaunchScreen.storyboard in Resources */,
				A29E85EE2854F978003FF0CB /* Assets.xcassets in Resources */,
				A29E85EC2854F975003FF0CB /* Main.storyboard in Resources */,
			);
			runOnlyForDeploymentPostprocessing = 0;
		};
/* End PBXResourcesBuildPhase section */

/* Begin PBXShellScriptBuildPhase section */
		73B2A5642C335D6706437C71 /* [CP] Check Pods Manifest.lock */ = {
			isa = PBXShellScriptBuildPhase;
			buildActionMask = 2147483647;
			files = (
			);
			inputFileListPaths = (
			);
			inputPaths = (
				"${PODS_PODFILE_DIR_PATH}/Podfile.lock",
				"${PODS_ROOT}/Manifest.lock",
			);
			name = "[CP] Check Pods Manifest.lock";
			outputFileListPaths = (
			);
			outputPaths = (
				"$(DERIVED_FILE_DIR)/Pods-GBMap-checkManifestLockResult.txt",
			);
			runOnlyForDeploymentPostprocessing = 0;
			shellPath = /bin/sh;
			shellScript = "diff \"${PODS_PODFILE_DIR_PATH}/Podfile.lock\" \"${PODS_ROOT}/Manifest.lock\" > /dev/null\nif [ $? != 0 ] ; then\n    # print error to STDERR\n    echo \"error: The sandbox is not in sync with the Podfile.lock. Run 'pod install' or update your CocoaPods installation.\" >&2\n    exit 1\nfi\n# This output is used by Xcode 'outputs' to avoid re-running this script phase.\necho \"SUCCESS\" > \"${SCRIPT_OUTPUT_FILE_0}\"\n";
			showEnvVarsInLog = 0;
		};
		879E284BE3723EBE8B85C02D /* [CP] Copy Pods Resources */ = {
			isa = PBXShellScriptBuildPhase;
			buildActionMask = 2147483647;
			files = (
			);
			inputFileListPaths = (
				"${PODS_ROOT}/Target Support Files/Pods-GBMap/Pods-GBMap-resources-${CONFIGURATION}-input-files.xcfilelist",
			);
			name = "[CP] Copy Pods Resources";
			outputFileListPaths = (
				"${PODS_ROOT}/Target Support Files/Pods-GBMap/Pods-GBMap-resources-${CONFIGURATION}-output-files.xcfilelist",
			);
			runOnlyForDeploymentPostprocessing = 0;
			shellPath = /bin/sh;
			shellScript = "\"${PODS_ROOT}/Target Support Files/Pods-GBMap/Pods-GBMap-resources.sh\"\n";
			showEnvVarsInLog = 0;
		};
		BF1CF907445E240123F48A33 /* [CP] Embed Pods Frameworks */ = {
			isa = PBXShellScriptBuildPhase;
			buildActionMask = 2147483647;
			files = (
			);
			inputFileListPaths = (
				"${PODS_ROOT}/Target Support Files/Pods-GBMap/Pods-GBMap-frameworks-${CONFIGURATION}-input-files.xcfilelist",
			);
			name = "[CP] Embed Pods Frameworks";
			outputFileListPaths = (
				"${PODS_ROOT}/Target Support Files/Pods-GBMap/Pods-GBMap-frameworks-${CONFIGURATION}-output-files.xcfilelist",
			);
			runOnlyForDeploymentPostprocessing = 0;
			shellPath = /bin/sh;
			shellScript = "\"${PODS_ROOT}/Target Support Files/Pods-GBMap/Pods-GBMap-frameworks.sh\"\n";
			showEnvVarsInLog = 0;
		};
/* End PBXShellScriptBuildPhase section */

/* Begin PBXSourcesBuildPhase section */
		A29E85DD2854F975003FF0CB /* Sources */ = {
			isa = PBXSourcesBuildPhase;
			buildActionMask = 2147483647;
			files = (
				A2ACCC90285E4C8A002A2EFE /* LoginViewController.swift in Sources */,
				A29E85E92854F975003FF0CB /* MapViewController.swift in Sources */,
				A243A62A286AC7C4008B5A74 /* LocationManager.swift in Sources */,
				A29E85E52854F975003FF0CB /* AppDelegate.swift in Sources */,
				A2ACCC85285E44BD002A2EFE /* Location.swift in Sources */,
				A2ACCC8A285E4BD1002A2EFE /* Router.swift in Sources */,
				A2ACCC8C285E4BF1002A2EFE /* User.swift in Sources */,
				A29E85E72854F975003FF0CB /* SceneDelegate.swift in Sources */,
				A2ACCC7E285E4438002A2EFE /* RealmService.swift in Sources */,
				A2ACCC87285E46E2002A2EFE /* MapViewModel.swift in Sources */,
			);
			runOnlyForDeploymentPostprocessing = 0;
		};
/* End PBXSourcesBuildPhase section */

/* Begin PBXVariantGroup section */
		A29E85EA2854F975003FF0CB /* Main.storyboard */ = {
			isa = PBXVariantGroup;
			children = (
				A29E85EB2854F975003FF0CB /* Base */,
			);
			name = Main.storyboard;
			sourceTree = "<group>";
		};
		A29E85EF2854F978003FF0CB /* LaunchScreen.storyboard */ = {
			isa = PBXVariantGroup;
			children = (
				A29E85F02854F978003FF0CB /* Base */,
			);
			name = LaunchScreen.storyboard;
			sourceTree = "<group>";
		};
/* End PBXVariantGroup section */

/* Begin XCBuildConfiguration section */
		A29E85F32854F978003FF0CB /* Debug */ = {
			isa = XCBuildConfiguration;
			buildSettings = {
				ALWAYS_SEARCH_USER_PATHS = NO;
				CLANG_ANALYZER_NONNULL = YES;
				CLANG_ANALYZER_NUMBER_OBJECT_CONVERSION = YES_AGGRESSIVE;
				CLANG_CXX_LANGUAGE_STANDARD = "gnu++17";
				CLANG_ENABLE_MODULES = YES;
				CLANG_ENABLE_OBJC_ARC = YES;
				CLANG_ENABLE_OBJC_WEAK = YES;
				CLANG_WARN_BLOCK_CAPTURE_AUTORELEASING = YES;
				CLANG_WARN_BOOL_CONVERSION = YES;
				CLANG_WARN_COMMA = YES;
				CLANG_WARN_CONSTANT_CONVERSION = YES;
				CLANG_WARN_DEPRECATED_OBJC_IMPLEMENTATIONS = YES;
				CLANG_WARN_DIRECT_OBJC_ISA_USAGE = YES_ERROR;
				CLANG_WARN_DOCUMENTATION_COMMENTS = YES;
				CLANG_WARN_EMPTY_BODY = YES;
				CLANG_WARN_ENUM_CONVERSION = YES;
				CLANG_WARN_INFINITE_RECURSION = YES;
				CLANG_WARN_INT_CONVERSION = YES;
				CLANG_WARN_NON_LITERAL_NULL_CONVERSION = YES;
				CLANG_WARN_OBJC_IMPLICIT_RETAIN_SELF = YES;
				CLANG_WARN_OBJC_LITERAL_CONVERSION = YES;
				CLANG_WARN_OBJC_ROOT_CLASS = YES_ERROR;
				CLANG_WARN_QUOTED_INCLUDE_IN_FRAMEWORK_HEADER = YES;
				CLANG_WARN_RANGE_LOOP_ANALYSIS = YES;
				CLANG_WARN_STRICT_PROTOTYPES = YES;
				CLANG_WARN_SUSPICIOUS_MOVE = YES;
				CLANG_WARN_UNGUARDED_AVAILABILITY = YES_AGGRESSIVE;
				CLANG_WARN_UNREACHABLE_CODE = YES;
				CLANG_WARN__DUPLICATE_METHOD_MATCH = YES;
				COPY_PHASE_STRIP = NO;
				DEBUG_INFORMATION_FORMAT = dwarf;
				ENABLE_STRICT_OBJC_MSGSEND = YES;
				ENABLE_TESTABILITY = YES;
				GCC_C_LANGUAGE_STANDARD = gnu11;
				GCC_DYNAMIC_NO_PIC = NO;
				GCC_NO_COMMON_BLOCKS = YES;
				GCC_OPTIMIZATION_LEVEL = 0;
				GCC_PREPROCESSOR_DEFINITIONS = (
					"DEBUG=1",
					"$(inherited)",
				);
				GCC_WARN_64_TO_32_BIT_CONVERSION = YES;
				GCC_WARN_ABOUT_RETURN_TYPE = YES_ERROR;
				GCC_WARN_UNDECLARED_SELECTOR = YES;
				GCC_WARN_UNINITIALIZED_AUTOS = YES_AGGRESSIVE;
				GCC_WARN_UNUSED_FUNCTION = YES;
				GCC_WARN_UNUSED_VARIABLE = YES;
				IPHONEOS_DEPLOYMENT_TARGET = 15.5;
				MTL_ENABLE_DEBUG_INFO = INCLUDE_SOURCE;
				MTL_FAST_MATH = YES;
				ONLY_ACTIVE_ARCH = YES;
				SDKROOT = iphoneos;
				SWIFT_ACTIVE_COMPILATION_CONDITIONS = DEBUG;
				SWIFT_OPTIMIZATION_LEVEL = "-Onone";
			};
			name = Debug;
		};
		A29E85F42854F978003FF0CB /* Release */ = {
			isa = XCBuildConfiguration;
			buildSettings = {
				ALWAYS_SEARCH_USER_PATHS = NO;
				CLANG_ANALYZER_NONNULL = YES;
				CLANG_ANALYZER_NUMBER_OBJECT_CONVERSION = YES_AGGRESSIVE;
				CLANG_CXX_LANGUAGE_STANDARD = "gnu++17";
				CLANG_ENABLE_MODULES = YES;
				CLANG_ENABLE_OBJC_ARC = YES;
				CLANG_ENABLE_OBJC_WEAK = YES;
				CLANG_WARN_BLOCK_CAPTURE_AUTORELEASING = YES;
				CLANG_WARN_BOOL_CONVERSION = YES;
				CLANG_WARN_COMMA = YES;
				CLANG_WARN_CONSTANT_CONVERSION = YES;
				CLANG_WARN_DEPRECATED_OBJC_IMPLEMENTATIONS = YES;
				CLANG_WARN_DIRECT_OBJC_ISA_USAGE = YES_ERROR;
				CLANG_WARN_DOCUMENTATION_COMMENTS = YES;
				CLANG_WARN_EMPTY_BODY = YES;
				CLANG_WARN_ENUM_CONVERSION = YES;
				CLANG_WARN_INFINITE_RECURSION = YES;
				CLANG_WARN_INT_CONVERSION = YES;
				CLANG_WARN_NON_LITERAL_NULL_CONVERSION = YES;
				CLANG_WARN_OBJC_IMPLICIT_RETAIN_SELF = YES;
				CLANG_WARN_OBJC_LITERAL_CONVERSION = YES;
				CLANG_WARN_OBJC_ROOT_CLASS = YES_ERROR;
				CLANG_WARN_QUOTED_INCLUDE_IN_FRAMEWORK_HEADER = YES;
				CLANG_WARN_RANGE_LOOP_ANALYSIS = YES;
				CLANG_WARN_STRICT_PROTOTYPES = YES;
				CLANG_WARN_SUSPICIOUS_MOVE = YES;
				CLANG_WARN_UNGUARDED_AVAILABILITY = YES_AGGRESSIVE;
				CLANG_WARN_UNREACHABLE_CODE = YES;
				CLANG_WARN__DUPLICATE_METHOD_MATCH = YES;
				COPY_PHASE_STRIP = NO;
				DEBUG_INFORMATION_FORMAT = "dwarf-with-dsym";
				ENABLE_NS_ASSERTIONS = NO;
				ENABLE_STRICT_OBJC_MSGSEND = YES;
				GCC_C_LANGUAGE_STANDARD = gnu11;
				GCC_NO_COMMON_BLOCKS = YES;
				GCC_WARN_64_TO_32_BIT_CONVERSION = YES;
				GCC_WARN_ABOUT_RETURN_TYPE = YES_ERROR;
				GCC_WARN_UNDECLARED_SELECTOR = YES;
				GCC_WARN_UNINITIALIZED_AUTOS = YES_AGGRESSIVE;
				GCC_WARN_UNUSED_FUNCTION = YES;
				GCC_WARN_UNUSED_VARIABLE = YES;
				IPHONEOS_DEPLOYMENT_TARGET = 15.5;
				MTL_ENABLE_DEBUG_INFO = NO;
				MTL_FAST_MATH = YES;
				SDKROOT = iphoneos;
				SWIFT_COMPILATION_MODE = wholemodule;
				SWIFT_OPTIMIZATION_LEVEL = "-O";
				VALIDATE_PRODUCT = YES;
			};
			name = Release;
		};
		A29E85F62854F978003FF0CB /* Debug */ = {
			isa = XCBuildConfiguration;
			baseConfigurationReference = 0C3BF42C10987D54E0F84403 /* Pods-GBMap.debug.xcconfig */;
			buildSettings = {
				ASSETCATALOG_COMPILER_APPICON_NAME = AppIcon;
				ASSETCATALOG_COMPILER_GLOBAL_ACCENT_COLOR_NAME = AccentColor;
				CODE_SIGN_STYLE = Automatic;
				CURRENT_PROJECT_VERSION = 1;
				DEVELOPMENT_TEAM = W7LU6YZGVJ;
				GENERATE_INFOPLIST_FILE = YES;
				INFOPLIST_FILE = GBMap/Info.plist;
				INFOPLIST_KEY_NSLocationWhenInUseUsageDescription = TEST;
				INFOPLIST_KEY_UIApplicationSupportsIndirectInputEvents = YES;
				INFOPLIST_KEY_UILaunchStoryboardName = LaunchScreen;
				INFOPLIST_KEY_UIMainStoryboardFile = Main;
				INFOPLIST_KEY_UISupportedInterfaceOrientations_iPad = "UIInterfaceOrientationPortrait UIInterfaceOrientationPortraitUpsideDown UIInterfaceOrientationLandscapeLeft UIInterfaceOrientationLandscapeRight";
				INFOPLIST_KEY_UISupportedInterfaceOrientations_iPhone = "UIInterfaceOrientationPortrait UIInterfaceOrientationLandscapeLeft UIInterfaceOrientationLandscapeRight";
				LD_RUNPATH_SEARCH_PATHS = (
					"$(inherited)",
					"@executable_path/Frameworks",
				);
				MARKETING_VERSION = 1.0;
				PRODUCT_BUNDLE_IDENTIFIER = com.app.GBMap;
				PRODUCT_NAME = "$(TARGET_NAME)";
				SWIFT_EMIT_LOC_STRINGS = YES;
				SWIFT_VERSION = 5.0;
				TARGETED_DEVICE_FAMILY = "1,2";
			};
			name = Debug;
		};
		A29E85F72854F978003FF0CB /* Release */ = {
			isa = XCBuildConfiguration;
			baseConfigurationReference = 63767B065ECD1DA2B42D4628 /* Pods-GBMap.release.xcconfig */;
			buildSettings = {
				ASSETCATALOG_COMPILER_APPICON_NAME = AppIcon;
				ASSETCATALOG_COMPILER_GLOBAL_ACCENT_COLOR_NAME = AccentColor;
				CODE_SIGN_STYLE = Automatic;
				CURRENT_PROJECT_VERSION = 1;
				DEVELOPMENT_TEAM = W7LU6YZGVJ;
				GENERATE_INFOPLIST_FILE = YES;
				INFOPLIST_FILE = GBMap/Info.plist;
				INFOPLIST_KEY_NSLocationWhenInUseUsageDescription = TEST;
				INFOPLIST_KEY_UIApplicationSupportsIndirectInputEvents = YES;
				INFOPLIST_KEY_UILaunchStoryboardName = LaunchScreen;
				INFOPLIST_KEY_UIMainStoryboardFile = Main;
				INFOPLIST_KEY_UISupportedInterfaceOrientations_iPad = "UIInterfaceOrientationPortrait UIInterfaceOrientationPortraitUpsideDown UIInterfaceOrientationLandscapeLeft UIInterfaceOrientationLandscapeRight";
				INFOPLIST_KEY_UISupportedInterfaceOrientations_iPhone = "UIInterfaceOrientationPortrait UIInterfaceOrientationLandscapeLeft UIInterfaceOrientationLandscapeRight";
				LD_RUNPATH_SEARCH_PATHS = (
					"$(inherited)",
					"@executable_path/Frameworks",
				);
				MARKETING_VERSION = 1.0;
				PRODUCT_BUNDLE_IDENTIFIER = com.app.GBMap;
				PRODUCT_NAME = "$(TARGET_NAME)";
				SWIFT_EMIT_LOC_STRINGS = YES;
				SWIFT_VERSION = 5.0;
				TARGETED_DEVICE_FAMILY = "1,2";
			};
			name = Release;
		};
/* End XCBuildConfiguration section */

/* Begin XCConfigurationList section */
		A29E85DC2854F975003FF0CB /* Build configuration list for PBXProject "GBMap" */ = {
			isa = XCConfigurationList;
			buildConfigurations = (
				A29E85F32854F978003FF0CB /* Debug */,
				A29E85F42854F978003FF0CB /* Release */,
			);
			defaultConfigurationIsVisible = 0;
			defaultConfigurationName = Release;
		};
		A29E85F52854F978003FF0CB /* Build configuration list for PBXNativeTarget "GBMap" */ = {
			isa = XCConfigurationList;
			buildConfigurations = (
				A29E85F62854F978003FF0CB /* Debug */,
				A29E85F72854F978003FF0CB /* Release */,
			);
			defaultConfigurationIsVisible = 0;
			defaultConfigurationName = Release;
		};
/* End XCConfigurationList section */
	};
	rootObject = A29E85D92854F975003FF0CB /* Project object */;
}
